
Microsoft Visual Studio Solution File, Format Version 12.00
# Visual Studio Version 16
VisualStudioVersion = 16.0.29509.3
MinimumVisualStudioVersion = 10.0.40219.1
Project("{9A19103F-16F7-4668-BE54-9A1E7A4F7556}") = "FileUploadWebAP", "FileUploadWebAP\FileUploadWebAP.csproj", "{9FBE1073-016D-40F5-8D58-AF51DECC51BA}"
EndProject
Global
	GlobalSection(SolutionConfigurationPlatforms) = preSolution
		Debug|Any CPU = Debug|Any CPU
		Release|Any CPU = Release|Any CPU
	EndGlobalSection
	GlobalSection(ProjectConfigurationPlatforms) = postSolution
		{9FBE1073-016D-40F5-8D58-AF51DECC51BA}.Debug|Any CPU.ActiveCfg = Debug|Any CPU
		{9FBE1073-016D-40F5-8D58-AF51DECC51BA}.Debug|Any CPU.Build.0 = Debug|Any CPU
		{9FBE1073-016D-40F5-8D58-AF51DECC51BA}.Release|Any CPU.ActiveCfg = Release|Any CPU
		{9FBE1073-016D-40F5-8D58-AF51DECC51BA}.Release|Any CPU.Build.0 = Release|Any CPU
	EndGlobalSection
	GlobalSection(SolutionProperties) = preSolution
		HideSolutionNode = FALSE
	EndGlobalSection
	GlobalSection(ExtensibilityGlobals) = postSolution
		SolutionGuid = {60A142A4-8EA4-4467-BA4B-56A48D92EC4C}
	EndGlobalSection
EndGlobal
